PODS:
  - Bolts (1.2.1):
    - Bolts/AppLinks (= 1.2.1)
    - Bolts/Tasks (= 1.2.1)
  - Bolts/AppLinks (1.2.1):
    - Bolts/Tasks
  - Bolts/Tasks (1.2.1)
  - Facebook-iOS-SDK (3.23.2):
    - Bolts (~> 1.0)
  - Firebase (2.2.2)
  - JSQMessagesViewController (7.1.0):
    - JSQSystemSoundPlayer (~> 2.0.1)
  - JSQSystemSoundPlayer (2.0.1)

DEPENDENCIES:
  - Facebook-iOS-SDK (~> 3.23)
  - Firebase (~> 2.2.0)
  - JSQMessagesViewController (~> 7.0)

SPEC CHECKSUMS:
  Bolts: 7686a5cb204d1ac54cee26f12d9b7622db3f80d1
  Facebook-iOS-SDK: cd87f0b2f0c1d9574b44e8fa2baacc275524bac3
  Firebase: e35cdd2561bf4fea9c1e384e9400a9c173d19e47
  JSQMessagesViewController: ca11f86fa68ca70835f05e169df9244147c1dc40
  JSQSystemSoundPlayer: c5850e77a4363ffd374cd851154b9af93264ed8d

COCOAPODS: 0.38.2
